<?xml version="1.0" encoding="utf-8"?>
<Project ToolsVersion="4.0" xmlns="http://schemas.microsoft.com/developer/msbuild/2003">
  <ItemGroup>
    <Filter Include="src">
      <UniqueIdentifier>{93995380-89BD-4b04-88EB-625FBE52EBFB}</UniqueIdentifier>
      <Extensions>h;hh;hpp;hxx;hm;inl;inc;xsd</Extensions>
    </Filter>
  </ItemGroup>
  <ItemGroup>
    <ClCompile Include="src\ftremote.cpp">
      <Filter>src</Filter>
    </ClCompile>
    <ClCompile Include="src\hotkey.cpp">
      <Filter>src</Filter>
    </ClCompile>
    <ClCompile Include="src\main.cpp">
      <Filter>src</Filter>
    </ClCompile>
  </ItemGroup>
  <ItemGroup>
    <ClInclude Include="src\ftremote.hpp">
      <Filter>src</Filter>
    </ClInclude>
    <ClInclude Include="src\hotkey.hpp">
      <Filter>src</Filter>
    </ClInclude>
    <ClInclude Include="src\ticket.hpp">
      <Filter>src</Filter>
    </ClInclude>
  </ItemGroup>
</Project>